
Microsoft Visual Studio Solution File, Format Version 12.00
# Visual Studio Version 16
VisualStudioVersion = 16.0.31112.23
MinimumVisualStudioVersion = 10.0.40219.1
Project("{FAE04EC0-301F-11D3-BF4B-00C04F79EFBC}") = "Cards", "Cards\Cards.csproj", "{EB9F8320-74EF-4BA3-AE26-4EA2CF624A82}"
EndProject
Global
	GlobalSection(SolutionConfigurationPlatforms) = preSolution
		Debug|Any CPU = Debug|Any CPU
		Release|Any CPU = Release|Any CPU
	EndGlobalSection
	GlobalSection(ProjectConfigurationPlatforms) = postSolution
		{EB9F8320-74EF-4BA3-AE26-4EA2CF624A82}.Debug|Any CPU.ActiveCfg = Debug|Any CPU
		{EB9F8320-74EF-4BA3-AE26-4EA2CF624A82}.Debug|Any CPU.Build.0 = Debug|Any CPU
		{EB9F8320-74EF-4BA3-AE26-4EA2CF624A82}.Release|Any CPU.ActiveCfg = Release|Any CPU
		{EB9F8320-74EF-4BA3-AE26-4EA2CF624A82}.Release|Any CPU.Build.0 = Release|Any CPU
	EndGlobalSection
	GlobalSection(SolutionProperties) = preSolution
		HideSolutionNode = FALSE
	EndGlobalSection
	GlobalSection(ExtensibilityGlobals) = postSolution
		SolutionGuid = {43D8E45A-57B5-4BEC-A269-CDE4C50B5592}
	EndGlobalSection
EndGlobal
